
Microsoft Visual Studio Solution File, Format Version 12.00
# Visual Studio Version 16
VisualStudioVersion = 16.0.32106.194
MinimumVisualStudioVersion = 10.0.40219.1
Project("{2150E333-8FDC-42A3-9474-1A3956D46DE8}") = "Services", "Services", "{82CFEDBC-0B9F-484C-B004-95D0351D4036}"
EndProject
Project("{2150E333-8FDC-42A3-9474-1A3956D46DE8}") = "Catalog", "Catalog", "{F3CF0830-96D4-4213-B243-2DE5D2F66CB6}"
EndProject
Project("{9A19103F-16F7-4668-BE54-9A1E7A4F7556}") = "Catalog.API", "Services\Catalog\Catalog.API\Catalog.API.csproj", "{37945CBE-2C49-4AAA-AADE-3E8C820A008F}"
EndProject
Project("{E53339B2-1760-4266-BCC7-CA923CBCF16C}") = "docker-compose", "docker-compose.dcproj", "{CDEF32DD-3A59-4CBC-8CDC-3D6928F8A8B3}"
EndProject
Project("{2150E333-8FDC-42A3-9474-1A3956D46DE8}") = "Basket", "Basket", "{35C17CE6-6DB6-49C9-8ABA-4702E9192D46}"
EndProject
Project("{2150E333-8FDC-42A3-9474-1A3956D46DE8}") = "Basket.API", "Basket.API", "{F06C60CD-8A65-4B2C-9347-6B6F65500667}"
EndProject
Project("{FAE04EC0-301F-11D3-BF4B-00C04F79EFBC}") = "Basket.API", "Services\Basket\Basket.API\Basket.API.csproj", "{18382A70-FF43-4985-A00C-380161C4E2B3}"
EndProject
Global
	GlobalSection(SolutionConfigurationPlatforms) = preSolution
		Debug|Any CPU = Debug|Any CPU
		Release|Any CPU = Release|Any CPU
	EndGlobalSection
	GlobalSection(ProjectConfigurationPlatforms) = postSolution
		{37945CBE-2C49-4AAA-AADE-3E8C820A008F}.Debug|Any CPU.ActiveCfg = Debug|Any CPU
		{37945CBE-2C49-4AAA-AADE-3E8C820A008F}.Debug|Any CPU.Build.0 = Debug|Any CPU
		{37945CBE-2C49-4AAA-AADE-3E8C820A008F}.Release|Any CPU.ActiveCfg = Release|Any CPU
		{37945CBE-2C49-4AAA-AADE-3E8C820A008F}.Release|Any CPU.Build.0 = Release|Any CPU
		{CDEF32DD-3A59-4CBC-8CDC-3D6928F8A8B3}.Debug|Any CPU.ActiveCfg = Debug|Any CPU
		{CDEF32DD-3A59-4CBC-8CDC-3D6928F8A8B3}.Debug|Any CPU.Build.0 = Debug|Any CPU
		{CDEF32DD-3A59-4CBC-8CDC-3D6928F8A8B3}.Release|Any CPU.ActiveCfg = Release|Any CPU
		{CDEF32DD-3A59-4CBC-8CDC-3D6928F8A8B3}.Release|Any CPU.Build.0 = Release|Any CPU
		{18382A70-FF43-4985-A00C-380161C4E2B3}.Debug|Any CPU.ActiveCfg = Debug|Any CPU
		{18382A70-FF43-4985-A00C-380161C4E2B3}.Debug|Any CPU.Build.0 = Debug|Any CPU
		{18382A70-FF43-4985-A00C-380161C4E2B3}.Release|Any CPU.ActiveCfg = Release|Any CPU
		{18382A70-FF43-4985-A00C-380161C4E2B3}.Release|Any CPU.Build.0 = Release|Any CPU
	EndGlobalSection
	GlobalSection(SolutionProperties) = preSolution
		HideSolutionNode = FALSE
	EndGlobalSection
	GlobalSection(NestedProjects) = preSolution
		{F3CF0830-96D4-4213-B243-2DE5D2F66CB6} = {82CFEDBC-0B9F-484C-B004-95D0351D4036}
		{37945CBE-2C49-4AAA-AADE-3E8C820A008F} = {F3CF0830-96D4-4213-B243-2DE5D2F66CB6}
		{35C17CE6-6DB6-49C9-8ABA-4702E9192D46} = {82CFEDBC-0B9F-484C-B004-95D0351D4036}
		{F06C60CD-8A65-4B2C-9347-6B6F65500667} = {35C17CE6-6DB6-49C9-8ABA-4702E9192D46}
		{18382A70-FF43-4985-A00C-380161C4E2B3} = {F06C60CD-8A65-4B2C-9347-6B6F65500667}
	EndGlobalSection
	GlobalSection(ExtensibilityGlobals) = postSolution
		SolutionGuid = {616A8D56-5122-48CC-B9C1-53CDD3D16E1F}
	EndGlobalSection
EndGlobal
